
Microsoft Visual Studio Solution File, Format Version 12.00
# Visual Studio Version 17
VisualStudioVersion = 17.4.33213.308
MinimumVisualStudioVersion = 10.0.40219.1
Project("{8BC9CEB8-8B4A-11D0-8D11-00A0C91BC942}") = "Inheritance", "Inheritance\Inheritance.vcxproj", "{C249D5C3-57DF-4C0E-B4C3-DE1C4E641810}"
EndProject
Project("{8BC9CEB8-8B4A-11D0-8D11-00A0C91BC942}") = "Academy", "Academy\Academy.vcxproj", "{D4BF230E-EEE9-4769-BBD5-75C4B98388C4}"
EndProject
Project("{8BC9CEB8-8B4A-11D0-8D11-00A0C91BC942}") = "Geometry", "Geometry\Geometry.vcxproj", "{EA5E34A9-7886-4657-97EE-C87299C21F2D}"
EndProject
Project("{8BC9CEB8-8B4A-11D0-8D11-00A0C91BC942}") = "NetWork", "NetWork\NetWork.vcxproj", "{F333FC4F-65DA-4EDF-ACAE-1F20D7D3D9DF}"
EndProject
Project("{8BC9CEB8-8B4A-11D0-8D11-00A0C91BC942}") = "AbstractBaseClasses", "AbstractBaseClasses\AbstractBaseClasses.vcxproj", "{CC9B4109-D4F3-40BD-8159-722B72724552}"
EndProject
Global
	GlobalSection(SolutionConfigurationPlatforms) = preSolution
		Debug|x64 = Debug|x64
		Debug|x86 = Debug|x86
		Release|x64 = Release|x64
		Release|x86 = Release|x86
	EndGlobalSection
	GlobalSection(ProjectConfigurationPlatforms) = postSolution
		{C249D5C3-57DF-4C0E-B4C3-DE1C4E641810}.Debug|x64.ActiveCfg = Debug|x64
		{C249D5C3-57DF-4C0E-B4C3-DE1C4E641810}.Debug|x64.Build.0 = Debug|x64
		{C249D5C3-57DF-4C0E-B4C3-DE1C4E641810}.Debug|x86.ActiveCfg = Debug|Win32
		{C249D5C3-57DF-4C0E-B4C3-DE1C4E641810}.Debug|x86.Build.0 = Debug|Win32
		{C249D5C3-57DF-4C0E-B4C3-DE1C4E641810}.Release|x64.ActiveCfg = Release|x64
		{C249D5C3-57DF-4C0E-B4C3-DE1C4E641810}.Release|x64.Build.0 = Release|x64
		{C249D5C3-57DF-4C0E-B4C3-DE1C4E641810}.Release|x86.ActiveCfg = Release|Win32
		{C249D5C3-57DF-4C0E-B4C3-DE1C4E641810}.Release|x86.Build.0 = Release|Win32
		{D4BF230E-EEE9-4769-BBD5-75C4B98388C4}.Debug|x64.ActiveCfg = Debug|x64
		{D4BF230E-EEE9-4769-BBD5-75C4B98388C4}.Debug|x64.Build.0 = Debug|x64
		{D4BF230E-EEE9-4769-BBD5-75C4B98388C4}.Debug|x86.ActiveCfg = Debug|Win32
		{D4BF230E-EEE9-4769-BBD5-75C4B98388C4}.Debug|x86.Build.0 = Debug|Win32
		{D4BF230E-EEE9-4769-BBD5-75C4B98388C4}.Release|x64.ActiveCfg = Release|x64
		{D4BF230E-EEE9-4769-BBD5-75C4B98388C4}.Release|x64.Build.0 = Release|x64
		{D4BF230E-EEE9-4769-BBD5-75C4B98388C4}.Release|x86.ActiveCfg = Release|Win32
		{D4BF230E-EEE9-4769-BBD5-75C4B98388C4}.Release|x86.Build.0 = Release|Win32
		{EA5E34A9-7886-4657-97EE-C87299C21F2D}.Debug|x64.ActiveCfg = Debug|x64
		{EA5E34A9-7886-4657-97EE-C87299C21F2D}.Debug|x64.Build.0 = Debug|x64
		{EA5E34A9-7886-4657-97EE-C87299C21F2D}.Debug|x86.ActiveCfg = Debug|Win32
		{EA5E34A9-7886-4657-97EE-C87299C21F2D}.Debug|x86.Build.0 = Debug|Win32
		{EA5E34A9-7886-4657-97EE-C87299C21F2D}.Release|x64.ActiveCfg = Release|x64
		{EA5E34A9-7886-4657-97EE-C87299C21F2D}.Release|x64.Build.0 = Release|x64
		{EA5E34A9-7886-4657-97EE-C87299C21F2D}.Release|x86.ActiveCfg = Release|Win32
		{EA5E34A9-7886-4657-97EE-C87299C21F2D}.Release|x86.Build.0 = Release|Win32
		{F333FC4F-65DA-4EDF-ACAE-1F20D7D3D9DF}.Debug|x64.ActiveCfg = Debug|x64
		{F333FC4F-65DA-4EDF-ACAE-1F20D7D3D9DF}.Debug|x64.Build.0 = Debug|x64
		{F333FC4F-65DA-4EDF-ACAE-1F20D7D3D9DF}.Debug|x86.ActiveCfg = Debug|Win32
		{F333FC4F-65DA-4EDF-ACAE-1F20D7D3D9DF}.Debug|x86.Build.0 = Debug|Win32
		{F333FC4F-65DA-4EDF-ACAE-1F20D7D3D9DF}.Release|x64.ActiveCfg = Release|x64
		{F333FC4F-65DA-4EDF-ACAE-1F20D7D3D9DF}.Release|x64.Build.0 = Release|x64
		{F333FC4F-65DA-4EDF-ACAE-1F20D7D3D9DF}.Release|x86.ActiveCfg = Release|Win32
		{F333FC4F-65DA-4EDF-ACAE-1F20D7D3D9DF}.Release|x86.Build.0 = Release|Win32
		{CC9B4109-D4F3-40BD-8159-722B72724552}.Debug|x64.ActiveCfg = Debug|x64
		{CC9B4109-D4F3-40BD-8159-722B72724552}.Debug|x64.Build.0 = Debug|x64
		{CC9B4109-D4F3-40BD-8159-722B72724552}.Debug|x86.ActiveCfg = Debug|Win32
		{CC9B4109-D4F3-40BD-8159-722B72724552}.Debug|x86.Build.0 = Debug|Win32
		{CC9B4109-D4F3-40BD-8159-722B72724552}.Release|x64.ActiveCfg = Release|x64
		{CC9B4109-D4F3-40BD-8159-722B72724552}.Release|x64.Build.0 = Release|x64
		{CC9B4109-D4F3-40BD-8159-722B72724552}.Release|x86.ActiveCfg = Release|Win32
		{CC9B4109-D4F3-40BD-8159-722B72724552}.Release|x86.Build.0 = Release|Win32
	EndGlobalSection
	GlobalSection(SolutionProperties) = preSolution
		HideSolutionNode = FALSE
	EndGlobalSection
	GlobalSection(ExtensibilityGlobals) = postSolution
		SolutionGuid = {505C610D-D93A-44A9-88B4-CC1ED73C800C}
	EndGlobalSection
EndGlobal
